
Microsoft Visual Studio Solution File, Format Version 12.00
# Visual Studio Version 17
VisualStudioVersion = 17.6.33815.320
MinimumVisualStudioVersion = 10.0.40219.1
Project("{FAE04EC0-301F-11D3-BF4B-00C04F79EFBC}") = "TSMayHan2", "TSMayHan2.csproj", "{B0A87001-A89D-43F6-9D64-57D3966E3C0D}"
EndProject
Global
	GlobalSection(SolutionConfigurationPlatforms) = preSolution
		Debug|Any CPU = Debug|Any CPU
		Release|Any CPU = Release|Any CPU
	EndGlobalSection
	GlobalSection(ProjectConfigurationPlatforms) = postSolution
		{B0A87001-A89D-43F6-9D64-57D3966E3C0D}.Debug|Any CPU.ActiveCfg = Debug|Any CPU
		{B0A87001-A89D-43F6-9D64-57D3966E3C0D}.Debug|Any CPU.Build.0 = Debug|Any CPU
		{B0A87001-A89D-43F6-9D64-57D3966E3C0D}.Release|Any CPU.ActiveCfg = Release|Any CPU
		{B0A87001-A89D-43F6-9D64-57D3966E3C0D}.Release|Any CPU.Build.0 = Release|Any CPU
	EndGlobalSection
	GlobalSection(SolutionProperties) = preSolution
		HideSolutionNode = FALSE
	EndGlobalSection
	GlobalSection(ExtensibilityGlobals) = postSolution
		SolutionGuid = {E95E1D30-0F0F-467C-9696-C12CC9BE19C0}
	EndGlobalSection
EndGlobal
